// !$*UTF8*$!
{
	archiveVersion = 1;
	classes = {
	};
	objectVersion = 50;
	objects = {

/* Begin PBXBuildFile section */
		1206F906268B89E600887205 /* AppDelegate.m in Sources */ = {isa = PBXBuildFile; fileRef = 1206F905268B89E600887205 /* AppDelegate.m */; };
		1206F909268B89E600887205 /* SceneDelegate.m in Sources */ = {isa = PBXBuildFile; fileRef = 1206F908268B89E600887205 /* SceneDelegate.m */; };
		1206F90C268B89E600887205 /* ViewController.m in Sources */ = {isa = PBXBuildFile; fileRef = 1206F90B268B89E600887205 /* ViewController.m */; };
		1206F90F268B89E600887205 /* Main.storyboard in Resources */ = {isa = PBXBuildFile; fileRef = 1206F90D268B89E600887205 /* Main.storyboard */; };
		1206F912268B89E600887205 /* Surfing_Doggo.xcdatamodeld in Sources */ = {isa = PBXBuildFile; fileRef = 1206F910268B89E600887205 /* Surfing_Doggo.xcdatamodeld */; };
		1206F914268B89E700887205 /* Assets.xcassets in Resources */ = {isa = PBXBuildFile; fileRef = 1206F913268B89E700887205 /* Assets.xcassets */; };
		1206F917268B89E700887205 /* LaunchScreen.storyboard in Resources */ = {isa = PBXBuildFile; fileRef = 1206F915268B89E700887205 /* LaunchScreen.storyboard */; };
		1206F91A268B89E700887205 /* main.m in Sources */ = {isa = PBXBuildFile; fileRef = 1206F919268B89E700887205 /* main.m */; };
		1206F924268B89E700887205 /* Surfing_DoggoTests.m in Sources */ = {isa = PBXBuildFile; fileRef = 1206F923268B89E700887205 /* Surfing_DoggoTests.m */; };
		1206F92F268B89E700887205 /* Surfing_DoggoUITests.m in Sources */ = {isa = PBXBuildFile; fileRef = 1206F92E268B89E700887205 /* Surfing_DoggoUITests.m */; };
		1206F943268BA95800887205 /* FetchingAndParsingJason.m in Sources */ = {isa = PBXBuildFile; fileRef = 1206F942268BA95800887205 /* FetchingAndParsingJason.m */; };
		1221E8EE2692DFE6005D3107 /* SearchResultViewController.m in Sources */ = {isa = PBXBuildFile; fileRef = 1221E8ED2692DFE6005D3107 /* SearchResultViewController.m */; };
		1221E8F42692FF83005D3107 /* ShowSearchResultImageViewController.m in Sources */ = {isa = PBXBuildFile; fileRef = 1221E8F32692FF83005D3107 /* ShowSearchResultImageViewController.m */; };
		124946D92692171E00376742 /* SearchViewController.m in Sources */ = {isa = PBXBuildFile; fileRef = 124946D82692171E00376742 /* SearchViewController.m */; };
		124946E22692223E00376742 /* PassBreedNames.m in Sources */ = {isa = PBXBuildFile; fileRef = 124946E12692223E00376742 /* PassBreedNames.m */; };
		12679B8226905778004900A5 /* ShowImageViewController.m in Sources */ = {isa = PBXBuildFile; fileRef = 12679B8126905778004900A5 /* ShowImageViewController.m */; };
		128C1C4D2696EDCF0041B984 /* UserNotifications.framework in Frameworks */ = {isa = PBXBuildFile; fileRef = 128C1C4C2696EDCF0041B984 /* UserNotifications.framework */; };
/* End PBXBuildFile section */

/* Begin PBXContainerItemProxy section */
		1206F920268B89E700887205 /* PBXContainerItemProxy */ = {
			isa = PBXContainerItemProxy;
			containerPortal = 1206F8F9268B89E500887205 /* Project object */;
			proxyType = 1;
			remoteGlobalIDString = 1206F900268B89E600887205;
			remoteInfo = "Surfing Doggo";
		};
		1206F92B268B89E700887205 /* PBXContainerItemProxy */ = {
			isa = PBXContainerItemProxy;
			containerPortal = 1206F8F9268B89E500887205 /* Project object */;
			proxyType = 1;
			remoteGlobalIDString = 1206F900268B89E600887205;
			remoteInfo = "Surfing Doggo";
		};
/* End PBXContainerItemProxy section */

/* Begin PBXFileReference section */
		1206F901268B89E600887205 /* Surfing Doggo.app */ = {isa = PBXFileReference; explicitFileType = wrapper.application; includeInIndex = 0; path = "Surfing Doggo.app"; sourceTree = BUILT_PRODUCTS_DIR; };
		1206F904268B89E600887205 /* AppDelegate.h */ = {isa = PBXFileReference; lastKnownFileType = sourcecode.c.h; path = AppDelegate.h; sourceTree = "<group>"; };
		1206F905268B89E600887205 /* AppDelegate.m */ = {isa = PBXFileReference; lastKnownFileType = sourcecode.c.objc; path = AppDelegate.m; sourceTree = "<group>"; };
		1206F907268B89E600887205 /* SceneDelegate.h */ = {isa = PBXFileReference; lastKnownFileType = sourcecode.c.h; path = SceneDelegate.h; sourceTree = "<group>"; };
		1206F908268B89E600887205 /* SceneDelegate.m */ = {isa = PBXFileReference; lastKnownFileType = sourcecode.c.objc; path = SceneDelegate.m; sourceTree = "<group>"; };
		1206F90A268B89E600887205 /* ViewController.h */ = {isa = PBXFileReference; lastKnownFileType = sourcecode.c.h; path = ViewController.h; sourceTree = "<group>"; };
		1206F90B268B89E600887205 /* ViewController.m */ = {isa = PBXFileReference; lastKnownFileType = sourcecode.c.objc; path = ViewController.m; sourceTree = "<group>"; };
		1206F90E268B89E600887205 /* Base */ = {isa = PBXFileReference; lastKnownFileType = file.storyboard; name = Base; path = Base.lproj/Main.storyboard; sourceTree = "<group>"; };
		1206F911268B89E600887205 /* Surfing_Doggo.xcdatamodel */ = {isa = PBXFileReference; lastKnownFileType = wrapper.xcdatamodel; path = Surfing_Doggo.xcdatamodel; sourceTree = "<group>"; };
		1206F913268B89E700887205 /* Assets.xcassets */ = {isa = PBXFileReference; lastKnownFileType = folder.assetcatalog; path = Assets.xcassets; sourceTree = "<group>"; };
		1206F916268B89E700887205 /* Base */ = {isa = PBXFileReference; lastKnownFileType = file.storyboard; name = Base; path = Base.lproj/LaunchScreen.storyboard; sourceTree = "<group>"; };
		1206F918268B89E700887205 /* Info.plist */ = {isa = PBXFileReference; lastKnownFileType = text.plist.xml; path = Info.plist; sourceTree = "<group>"; };
		1206F919268B89E700887205 /* main.m */ = {isa = PBXFileReference; lastKnownFileType = sourcecode.c.objc; path = main.m; sourceTree = "<group>"; };
		1206F91F268B89E700887205 /* Surfing DoggoTests.xctest */ = {isa = PBXFileReference; explicitFileType = wrapper.cfbundle; includeInIndex = 0; path = "Surfing DoggoTests.xctest"; sourceTree = BUILT_PRODUCTS_DIR; };
		1206F923268B89E700887205 /* Surfing_DoggoTests.m */ = {isa = PBXFileReference; lastKnownFileType = sourcecode.c.objc; path = Surfing_DoggoTests.m; sourceTree = "<group>"; };
		1206F925268B89E700887205 /* Info.plist */ = {isa = PBXFileReference; lastKnownFileType = text.plist.xml; path = Info.plist; sourceTree = "<group>"; };
		1206F92A268B89E700887205 /* Surfing DoggoUITests.xctest */ = {isa = PBXFileReference; explicitFileType = wrapper.cfbundle; includeInIndex = 0; path = "Surfing DoggoUITests.xctest"; sourceTree = BUILT_PRODUCTS_DIR; };
		1206F92E268B89E700887205 /* Surfing_DoggoUITests.m */ = {isa = PBXFileReference; lastKnownFileType = sourcecode.c.objc; path = Surfing_DoggoUITests.m; sourceTree = "<group>"; };
		1206F930268B89E700887205 /* Info.plist */ = {isa = PBXFileReference; lastKnownFileType = text.plist.xml; path = Info.plist; sourceTree = "<group>"; };
		1206F941268BA95800887205 /* FetchingAndParsingJason.h */ = {isa = PBXFileReference; lastKnownFileType = sourcecode.c.h; path = FetchingAndParsingJason.h; sourceTree = "<group>"; };
		1206F942268BA95800887205 /* FetchingAndParsingJason.m */ = {isa = PBXFileReference; lastKnownFileType = sourcecode.c.objc; path = FetchingAndParsingJason.m; sourceTree = "<group>"; };
		1221E8EC2692DFE6005D3107 /* SearchResultViewController.h */ = {isa = PBXFileReference; lastKnownFileType = sourcecode.c.h; path = SearchResultViewController.h; sourceTree = "<group>"; };
		1221E8ED2692DFE6005D3107 /* SearchResultViewController.m */ = {isa = PBXFileReference; lastKnownFileType = sourcecode.c.objc; path = SearchResultViewController.m; sourceTree = "<group>"; };
		1221E8F22692FF83005D3107 /* ShowSearchResultImageViewController.h */ = {isa = PBXFileReference; lastKnownFileType = sourcecode.c.h; path = ShowSearchResultImageViewController.h; sourceTree = "<group>"; };
		1221E8F32692FF83005D3107 /* ShowSearchResultImageViewController.m */ = {isa = PBXFileReference; lastKnownFileType = sourcecode.c.objc; path = ShowSearchResultImageViewController.m; sourceTree = "<group>"; };
		124946D72692171E00376742 /* SearchViewController.h */ = {isa = PBXFileReference; lastKnownFileType = sourcecode.c.h; path = SearchViewController.h; sourceTree = "<group>"; };
		124946D82692171E00376742 /* SearchViewController.m */ = {isa = PBXFileReference; lastKnownFileType = sourcecode.c.objc; path = SearchViewController.m; sourceTree = "<group>"; };
		124946E02692223E00376742 /* PassBreedNames.h */ = {isa = PBXFileReference; lastKnownFileType = sourcecode.c.h; path = PassBreedNames.h; sourceTree = "<group>"; };
		124946E12692223E00376742 /* PassBreedNames.m */ = {isa = PBXFileReference; lastKnownFileType = sourcecode.c.objc; path = PassBreedNames.m; sourceTree = "<group>"; };
		12679B8026905778004900A5 /* ShowImageViewController.h */ = {isa = PBXFileReference; lastKnownFileType = sourcecode.c.h; path = ShowImageViewController.h; sourceTree = "<group>"; };
		12679B8126905778004900A5 /* ShowImageViewController.m */ = {isa = PBXFileReference; lastKnownFileType = sourcecode.c.objc; path = ShowImageViewController.m; sourceTree = "<group>"; };
		128C1C4C2696EDCF0041B984 /* UserNotifications.framework */ = {isa = PBXFileReference; lastKnownFileType = wrapper.framework; name = UserNotifications.framework; path = System/Library/Frameworks/UserNotifications.framework; sourceTree = SDKROOT; };
		128C1C5126975DAB0041B984 /* PSPDFKitUI.xcframework */ = {isa = PBXFileReference; lastKnownFileType = wrapper.xcframework; path = PSPDFKitUI.xcframework; sourceTree = "<group>"; };
		128C1C5726975DB40041B984 /* PSPDFKit.xcframework */ = {isa = PBXFileReference; lastKnownFileType = wrapper.xcframework; path = PSPDFKit.xcframework; sourceTree = "<group>"; };
/* End PBXFileReference section */

/* Begin PBXFrameworksBuildPhase section */
		1206F8FE268B89E600887205 /* Frameworks */ = {
			isa = PBXFrameworksBuildPhase;
			buildActionMask = 2147483647;
			files = (
				128C1C4D2696EDCF0041B984 /* UserNotifications.framework in Frameworks */,
			);
			runOnlyForDeploymentPostprocessing = 0;
		};
		1206F91C268B89E700887205 /* Frameworks */ = {
			isa = PBXFrameworksBuildPhase;
			buildActionMask = 2147483647;
			files = (
			);
			runOnlyForDeploymentPostprocessing = 0;
		};
		1206F927268B89E700887205 /* Frameworks */ = {
			isa = PBXFrameworksBuildPhase;
			buildActionMask = 2147483647;
			files = (
			);
			runOnlyForDeploymentPostprocessing = 0;
		};
/* End PBXFrameworksBuildPhase section */

/* Begin PBXGroup section */
		1206F8F8268B89E500887205 = {
			isa = PBXGroup;
			children = (
				1206F93F268BA8F300887205 /* ViewControllers */,
				1206F903268B89E600887205 /* Surfing Doggo */,
				1206F922268B89E700887205 /* Surfing DoggoTests */,
				1206F92D268B89E700887205 /* Surfing DoggoUITests */,
				1206F902268B89E600887205 /* Products */,
				128C1C4B2696EDCF0041B984 /* Frameworks */,
			);
			sourceTree = "<group>";
		};
		1206F902268B89E600887205 /* Products */ = {
			isa = PBXGroup;
			children = (
				1206F901268B89E600887205 /* Surfing Doggo.app */,
				1206F91F268B89E700887205 /* Surfing DoggoTests.xctest */,
				1206F92A268B89E700887205 /* Surfing DoggoUITests.xctest */,
			);
			name = Products;
			sourceTree = "<group>";
		};
		1206F903268B89E600887205 /* Surfing Doggo */ = {
			isa = PBXGroup;
			children = (
				1206F904268B89E600887205 /* AppDelegate.h */,
				1206F905268B89E600887205 /* AppDelegate.m */,
				1206F907268B89E600887205 /* SceneDelegate.h */,
				1206F908268B89E600887205 /* SceneDelegate.m */,
				1206F90D268B89E600887205 /* Main.storyboard */,
				1206F913268B89E700887205 /* Assets.xcassets */,
				1206F915268B89E700887205 /* LaunchScreen.storyboard */,
				1206F918268B89E700887205 /* Info.plist */,
				1206F919268B89E700887205 /* main.m */,
				1206F910268B89E600887205 /* Surfing_Doggo.xcdatamodeld */,
			);
			path = "Surfing Doggo";
			sourceTree = "<group>";
		};
		1206F922268B89E700887205 /* Surfing DoggoTests */ = {
			isa = PBXGroup;
			children = (
				1206F923268B89E700887205 /* Surfing_DoggoTests.m */,
				1206F925268B89E700887205 /* Info.plist */,
			);
			path = "Surfing DoggoTests";
			sourceTree = "<group>";
		};
		1206F92D268B89E700887205 /* Surfing DoggoUITests */ = {
			isa = PBXGroup;
			children = (
				1206F92E268B89E700887205 /* Surfing_DoggoUITests.m */,
				1206F930268B89E700887205 /* Info.plist */,
			);
			path = "Surfing DoggoUITests";
			sourceTree = "<group>";
		};
		1206F93F268BA8F300887205 /* ViewControllers */ = {
			isa = PBXGroup;
			children = (
				1206F940268BA90B00887205 /* MainViewController */,
			);
			path = ViewControllers;
			sourceTree = "<group>";
		};
		1206F940268BA90B00887205 /* MainViewController */ = {
			isa = PBXGroup;
			children = (
				1206F90B268B89E600887205 /* ViewController.m */,
				1206F90A268B89E600887205 /* ViewController.h */,
				1206F942268BA95800887205 /* FetchingAndParsingJason.m */,
				1206F941268BA95800887205 /* FetchingAndParsingJason.h */,
				12679B8026905778004900A5 /* ShowImageViewController.h */,
				12679B8126905778004900A5 /* ShowImageViewController.m */,
				124946D72692171E00376742 /* SearchViewController.h */,
				124946D82692171E00376742 /* SearchViewController.m */,
				124946E12692223E00376742 /* PassBreedNames.m */,
				124946E02692223E00376742 /* PassBreedNames.h */,
				1221E8EC2692DFE6005D3107 /* SearchResultViewController.h */,
				1221E8ED2692DFE6005D3107 /* SearchResultViewController.m */,
				1221E8F22692FF83005D3107 /* ShowSearchResultImageViewController.h */,
				1221E8F32692FF83005D3107 /* ShowSearchResultImageViewController.m */,
			);
			path = MainViewController;
			sourceTree = "<group>";
		};
		128C1C4B2696EDCF0041B984 /* Frameworks */ = {
			isa = PBXGroup;
			children = (
				128C1C5726975DB40041B984 /* PSPDFKit.xcframework */,
				128C1C5126975DAB0041B984 /* PSPDFKitUI.xcframework */,
				128C1C4C2696EDCF0041B984 /* UserNotifications.framework */,
			);
			name = Frameworks;
			sourceTree = "<group>";
		};
/* End PBXGroup section */

/* Begin PBXNativeTarget section */
		1206F900268B89E600887205 /* Surfing Doggo */ = {
			isa = PBXNativeTarget;
			buildConfigurationList = 1206F933268B89E700887205 /* Build configuration list for PBXNativeTarget "Surfing Doggo" */;
			buildPhases = (
				1206F8FD268B89E600887205 /* Sources */,
				1206F8FE268B89E600887205 /* Frameworks */,
				1206F8FF268B89E600887205 /* Resources */,
			);
			buildRules = (
			);
			dependencies = (
			);
			name = "Surfing Doggo";
			productName = "Surfing Doggo";
			productReference = 1206F901268B89E600887205 /* Surfing Doggo.app */;
			productType = "com.apple.product-type.application";
		};
		1206F91E268B89E700887205 /* Surfing DoggoTests */ = {
			isa = PBXNativeTarget;
			buildConfigurationList = 1206F936268B89E700887205 /* Build configuration list for PBXNativeTarget "Surfing DoggoTests" */;
			buildPhases = (
				1206F91B268B89E700887205 /* Sources */,
				1206F91C268B89E700887205 /* Frameworks */,
				1206F91D268B89E700887205 /* Resources */,
			);
			buildRules = (
			);
			dependencies = (
				1206F921268B89E700887205 /* PBXTargetDependency */,
			);
			name = "Surfing DoggoTests";
			productName = "Surfing DoggoTests";
			productReference = 1206F91F268B89E700887205 /* Surfing DoggoTests.xctest */;
			productType = "com.apple.product-type.bundle.unit-test";
		};
		1206F929268B89E700887205 /* Surfing DoggoUITests */ = {
			isa = PBXNativeTarget;
			buildConfigurationList = 1206F939268B89E700887205 /* Build configuration list for PBXNativeTarget "Surfing DoggoUITests" */;
			buildPhases = (
				1206F926268B89E700887205 /* Sources */,
				1206F927268B89E700887205 /* Frameworks */,
				1206F928268B89E700887205 /* Resources */,
			);
			buildRules = (
			);
			dependencies = (
				1206F92C268B89E700887205 /* PBXTargetDependency */,
			);
			name = "Surfing DoggoUITests";
			productName = "Surfing DoggoUITests";
			productReference = 1206F92A268B89E700887205 /* Surfing DoggoUITests.xctest */;
			productType = "com.apple.product-type.bundle.ui-testing";
		};
/* End PBXNativeTarget section */

/* Begin PBXProject section */
		1206F8F9268B89E500887205 /* Project object */ = {
			isa = PBXProject;
			attributes = {
				LastUpgradeCheck = 1200;
				TargetAttributes = {
					1206F900268B89E600887205 = {
						CreatedOnToolsVersion = 12.0.1;
					};
					1206F91E268B89E700887205 = {
						CreatedOnToolsVersion = 12.0.1;
						TestTargetID = 1206F900268B89E600887205;
					};
					1206F929268B89E700887205 = {
						CreatedOnToolsVersion = 12.0.1;
						TestTargetID = 1206F900268B89E600887205;
					};
				};
			};
			buildConfigurationList = 1206F8FC268B89E500887205 /* Build configuration list for PBXProject "Surfing Doggo" */;
			compatibilityVersion = "Xcode 9.3";
			developmentRegion = en;
			hasScannedForEncodings = 0;
			knownRegions = (
				en,
				Base,
			);
			mainGroup = 1206F8F8268B89E500887205;
			productRefGroup = 1206F902268B89E600887205 /* Products */;
			projectDirPath = "";
			projectRoot = "";
			targets = (
				1206F900268B89E600887205 /* Surfing Doggo */,
				1206F91E268B89E700887205 /* Surfing DoggoTests */,
				1206F929268B89E700887205 /* Surfing DoggoUITests */,
			);
		};
/* End PBXProject section */

/* Begin PBXResourcesBuildPhase section */
		1206F8FF268B89E600887205 /* Resources */ = {
			isa = PBXResourcesBuildPhase;
			buildActionMask = 2147483647;
			files = (
				1206F917268B89E700887205 /* LaunchScreen.storyboard in Resources */,
				1206F914268B89E700887205 /* Assets.xcassets in Resources */,
				1206F90F268B89E600887205 /* Main.storyboard in Resources */,
			);
			runOnlyForDeploymentPostprocessing = 0;
		};
		1206F91D268B89E700887205 /* Resources */ = {
			isa = PBXResourcesBuildPhase;
			buildActionMask = 2147483647;
			files = (
			);
			runOnlyForDeploymentPostprocessing = 0;
		};
		1206F928268B89E700887205 /* Resources */ = {
			isa = PBXResourcesBuildPhase;
			buildActionMask = 2147483647;
			files = (
			);
			runOnlyForDeploymentPostprocessing = 0;
		};
/* End PBXResourcesBuildPhase section */

/* Begin PBXSourcesBuildPhase section */
		1206F8FD268B89E600887205 /* Sources */ = {
			isa = PBXSourcesBuildPhase;
			buildActionMask = 2147483647;
			files = (
				1206F91A268B89E700887205 /* main.m in Sources */,
				1206F90C268B89E600887205 /* ViewController.m in Sources */,
				1206F943268BA95800887205 /* FetchingAndParsingJason.m in Sources */,
				1206F906268B89E600887205 /* AppDelegate.m in Sources */,
				1206F909268B89E600887205 /* SceneDelegate.m in Sources */,
				124946E22692223E00376742 /* PassBreedNames.m in Sources */,
				1221E8F42692FF83005D3107 /* ShowSearchResultImageViewController.m in Sources */,
				12679B8226905778004900A5 /* ShowImageViewController.m in Sources */,
				1221E8EE2692DFE6005D3107 /* SearchResultViewController.m in Sources */,
				124946D92692171E00376742 /* SearchViewController.m in Sources */,
				1206F912268B89E600887205 /* Surfing_Doggo.xcdatamodeld in Sources */,
			);
			runOnlyForDeploymentPostprocessing = 0;
		};
		1206F91B268B89E700887205 /* Sources */ = {
			isa = PBXSourcesBuildPhase;
			buildActionMask = 2147483647;
			files = (
				1206F924268B89E700887205 /* Surfing_DoggoTests.m in Sources */,
			);
			runOnlyForDeploymentPostprocessing = 0;
		};
		1206F926268B89E700887205 /* Sources */ = {
			isa = PBXSourcesBuildPhase;
			buildActionMask = 2147483647;
			files = (
				1206F92F268B89E700887205 /* Surfing_DoggoUITests.m in Sources */,
			);
			runOnlyForDeploymentPostprocessing = 0;
		};
/* End PBXSourcesBuildPhase section */

/* Begin PBXTargetDependency section */
		1206F921268B89E700887205 /* PBXTargetDependency */ = {
			isa = PBXTargetDependency;
			target = 1206F900268B89E600887205 /* Surfing Doggo */;
			targetProxy = 1206F920268B89E700887205 /* PBXContainerItemProxy */;
		};
		1206F92C268B89E700887205 /* PBXTargetDependency */ = {
			isa = PBXTargetDependency;
			target = 1206F900268B89E600887205 /* Surfing Doggo */;
			targetProxy = 1206F92B268B89E700887205 /* PBXContainerItemProxy */;
		};
/* End PBXTargetDependency section */

/* Begin PBXVariantGroup section */
		1206F90D268B89E600887205 /* Main.storyboard */ = {
			isa = PBXVariantGroup;
			children = (
				1206F90E268B89E600887205 /* Base */,
			);
			name = Main.storyboard;
			sourceTree = "<group>";
		};
		1206F915268B89E700887205 /* LaunchScreen.storyboard */ = {
			isa = PBXVariantGroup;
			children = (
				1206F916268B89E700887205 /* Base */,
			);
			name = LaunchScreen.storyboard;
			sourceTree = "<group>";
		};
/* End PBXVariantGroup section */

/* Begin XCBuildConfiguration section */
		1206F931268B89E700887205 /* Debug */ = {
			isa = XCBuildConfiguration;
			buildSettings = {
				ALWAYS_SEARCH_USER_PATHS = NO;
				CLANG_ANALYZER_NONNULL = YES;
				CLANG_ANALYZER_NUMBER_OBJECT_CONVERSION = YES_AGGRESSIVE;
				CLANG_CXX_LANGUAGE_STANDARD = "gnu++14";
				CLANG_CXX_LIBRARY = "libc++";
				CLANG_ENABLE_MODULES = YES;
				CLANG_ENABLE_OBJC_ARC = YES;
				CLANG_ENABLE_OBJC_WEAK = YES;
				CLANG_WARN_BLOCK_CAPTURE_AUTORELEASING = YES;
				CLANG_WARN_BOOL_CONVERSION = YES;
				CLANG_WARN_COMMA = YES;
				CLANG_WARN_CONSTANT_CONVERSION = YES;
				CLANG_WARN_DEPRECATED_OBJC_IMPLEMENTATIONS = YES;
				CLANG_WARN_DIRECT_OBJC_ISA_USAGE = YES_ERROR;
				CLANG_WARN_DOCUMENTATION_COMMENTS = YES;
				CLANG_WARN_EMPTY_BODY = YES;
				CLANG_WARN_ENUM_CONVERSION = YES;
				CLANG_WARN_INFINITE_RECURSION = YES;
				CLANG_WARN_INT_CONVERSION = YES;
				CLANG_WARN_NON_LITERAL_NULL_CONVERSION = YES;
				CLANG_WARN_OBJC_IMPLICIT_RETAIN_SELF = YES;
				CLANG_WARN_OBJC_LITERAL_CONVERSION = YES;
				CLANG_WARN_OBJC_ROOT_CLASS = YES_ERROR;
				CLANG_WARN_QUOTED_INCLUDE_IN_FRAMEWORK_HEADER = YES;
				CLANG_WARN_RANGE_LOOP_ANALYSIS = YES;
				CLANG_WARN_STRICT_PROTOTYPES = YES;
				CLANG_WARN_SUSPICIOUS_MOVE = YES;
				CLANG_WARN_UNGUARDED_AVAILABILITY = YES_AGGRESSIVE;
				CLANG_WARN_UNREACHABLE_CODE = YES;
				CLANG_WARN__DUPLICATE_METHOD_MATCH = YES;
				COPY_PHASE_STRIP = NO;
				DEBUG_INFORMATION_FORMAT = dwarf;
				ENABLE_STRICT_OBJC_MSGSEND = YES;
				ENABLE_TESTABILITY = YES;
				GCC_C_LANGUAGE_STANDARD = gnu11;
				GCC_DYNAMIC_NO_PIC = NO;
				GCC_NO_COMMON_BLOCKS = YES;
				GCC_OPTIMIZATION_LEVEL = 0;
				GCC_PREPROCESSOR_DEFINITIONS = (
					"DEBUG=1",
					"$(inherited)",
				);
				GCC_WARN_64_TO_32_BIT_CONVERSION = YES;
				GCC_WARN_ABOUT_RETURN_TYPE = YES_ERROR;
				GCC_WARN_UNDECLARED_SELECTOR = YES;
				GCC_WARN_UNINITIALIZED_AUTOS = YES_AGGRESSIVE;
				GCC_WARN_UNUSED_FUNCTION = YES;
				GCC_WARN_UNUSED_VARIABLE = YES;
				IPHONEOS_DEPLOYMENT_TARGET = 14.0;
				MTL_ENABLE_DEBUG_INFO = INCLUDE_SOURCE;
				MTL_FAST_MATH = YES;
				ONLY_ACTIVE_ARCH = YES;
				SDKROOT = iphoneos;
			};
			name = Debug;
		};
		1206F932268B89E700887205 /* Release */ = {
			isa = XCBuildConfiguration;
			buildSettings = {
				ALWAYS_SEARCH_USER_PATHS = NO;
				CLANG_ANALYZER_NONNULL = YES;
				CLANG_ANALYZER_NUMBER_OBJECT_CONVERSION = YES_AGGRESSIVE;
				CLANG_CXX_LANGUAGE_STANDARD = "gnu++14";
				CLANG_CXX_LIBRARY = "libc++";
				CLANG_ENABLE_MODULES = YES;
				CLANG_ENABLE_OBJC_ARC = YES;
				CLANG_ENABLE_OBJC_WEAK = YES;
				CLANG_WARN_BLOCK_CAPTURE_AUTORELEASING = YES;
				CLANG_WARN_BOOL_CONVERSION = YES;
				CLANG_WARN_COMMA = YES;
				CLANG_WARN_CONSTANT_CONVERSION = YES;
				CLANG_WARN_DEPRECATED_OBJC_IMPLEMENTATIONS = YES;
				CLANG_WARN_DIRECT_OBJC_ISA_USAGE = YES_ERROR;
				CLANG_WARN_DOCUMENTATION_COMMENTS = YES;
				CLANG_WARN_EMPTY_BODY = YES;
				CLANG_WARN_ENUM_CONVERSION = YES;
				CLANG_WARN_INFINITE_RECURSION = YES;
				CLANG_WARN_INT_CONVERSION = YES;
				CLANG_WARN_NON_LITERAL_NULL_CONVERSION = YES;
				CLANG_WARN_OBJC_IMPLICIT_RETAIN_SELF = YES;
				CLANG_WARN_OBJC_LITERAL_CONVERSION = YES;
				CLANG_WARN_OBJC_ROOT_CLASS = YES_ERROR;
				CLANG_WARN_QUOTED_INCLUDE_IN_FRAMEWORK_HEADER = YES;
				CLANG_WARN_RANGE_LOOP_ANALYSIS = YES;
				CLANG_WARN_STRICT_PROTOTYPES = YES;
				CLANG_WARN_SUSPICIOUS_MOVE = YES;
				CLANG_WARN_UNGUARDED_AVAILABILITY = YES_AGGRESSIVE;
				CLANG_WARN_UNREACHABLE_CODE = YES;
				CLANG_WARN__DUPLICATE_METHOD_MATCH = YES;
				COPY_PHASE_STRIP = NO;
				DEBUG_INFORMATION_FORMAT = "dwarf-with-dsym";
				ENABLE_NS_ASSERTIONS = NO;
				ENABLE_STRICT_OBJC_MSGSEND = YES;
				GCC_C_LANGUAGE_STANDARD = gnu11;
				GCC_NO_COMMON_BLOCKS = YES;
				GCC_WARN_64_TO_32_BIT_CONVERSION = YES;
				GCC_WARN_ABOUT_RETURN_TYPE = YES_ERROR;
				GCC_WARN_UNDECLARED_SELECTOR = YES;
				GCC_WARN_UNINITIALIZED_AUTOS = YES_AGGRESSIVE;
				GCC_WARN_UNUSED_FUNCTION = YES;
				GCC_WARN_UNUSED_VARIABLE = YES;
				IPHONEOS_DEPLOYMENT_TARGET = 14.0;
				MTL_ENABLE_DEBUG_INFO = NO;
				MTL_FAST_MATH = YES;
				SDKROOT = iphoneos;
				VALIDATE_PRODUCT = YES;
			};
			name = Release;
		};
		1206F934268B89E700887205 /* Debug */ = {
			isa = XCBuildConfiguration;
			buildSettings = {
				ASSETCATALOG_COMPILER_APPICON_NAME = AppIcon;
				ASSETCATALOG_COMPILER_GLOBAL_ACCENT_COLOR_NAME = AccentColor;
				CODE_SIGN_STYLE = Automatic;
				DEVELOPMENT_TEAM = 8QC7GUMQQ3;
				INFOPLIST_FILE = "Surfing Doggo/Info.plist";
				LD_RUNPATH_SEARCH_PATHS = (
					"$(inherited)",
					"@executable_path/Frameworks",
				);
				PRODUCT_BUNDLE_IDENTIFIER = "nagarro.Surfing-Doggo";
				PRODUCT_NAME = "$(TARGET_NAME)";
				TARGETED_DEVICE_FAMILY = "1,2";
			};
			name = Debug;
		};
		1206F935268B89E700887205 /* Release */ = {
			isa = XCBuildConfiguration;
			buildSettings = {
				ASSETCATALOG_COMPILER_APPICON_NAME = AppIcon;
				ASSETCATALOG_COMPILER_GLOBAL_ACCENT_COLOR_NAME = AccentColor;
				CODE_SIGN_STYLE = Automatic;
				DEVELOPMENT_TEAM = 8QC7GUMQQ3;
				INFOPLIST_FILE = "Surfing Doggo/Info.plist";
				LD_RUNPATH_SEARCH_PATHS = (
					"$(inherited)",
					"@executable_path/Frameworks",
				);
				PRODUCT_BUNDLE_IDENTIFIER = "nagarro.Surfing-Doggo";
				PRODUCT_NAME = "$(TARGET_NAME)";
				TARGETED_DEVICE_FAMILY = "1,2";
			};
			name = Release;
		};
		1206F937268B89E700887205 /* Debug */ = {
			isa = XCBuildConfiguration;
			buildSettings = {
				BUNDLE_LOADER = "$(TEST_HOST)";
				CODE_SIGN_STYLE = Automatic;
				INFOPLIST_FILE = "Surfing DoggoTests/Info.plist";
				IPHONEOS_DEPLOYMENT_TARGET = 14.0;
				LD_RUNPATH_SEARCH_PATHS = (
					"$(inherited)",
					"@executable_path/Frameworks",
					"@loader_path/Frameworks",
				);
				PRODUCT_BUNDLE_IDENTIFIER = "nagarro.Surfing-DoggoTests";
				PRODUCT_NAME = "$(TARGET_NAME)";
				TARGETED_DEVICE_FAMILY = "1,2";
				TEST_HOST = "$(BUILT_PRODUCTS_DIR)/Surfing Doggo.app/Surfing Doggo";
			};
			name = Debug;
		};
		1206F938268B89E700887205 /* Release */ = {
			isa = XCBuildConfiguration;
			buildSettings = {
				BUNDLE_LOADER = "$(TEST_HOST)";
				CODE_SIGN_STYLE = Automatic;
				INFOPLIST_FILE = "Surfing DoggoTests/Info.plist";
				IPHONEOS_DEPLOYMENT_TARGET = 14.0;
				LD_RUNPATH_SEARCH_PATHS = (
					"$(inherited)",
					"@executable_path/Frameworks",
					"@loader_path/Frameworks",
				);
				PRODUCT_BUNDLE_IDENTIFIER = "nagarro.Surfing-DoggoTests";
				PRODUCT_NAME = "$(TARGET_NAME)";
				TARGETED_DEVICE_FAMILY = "1,2";
				TEST_HOST = "$(BUILT_PRODUCTS_DIR)/Surfing Doggo.app/Surfing Doggo";
			};
			name = Release;
		};
		1206F93A268B89E700887205 /* Debug */ = {
			isa = XCBuildConfiguration;
			buildSettings = {
				CODE_SIGN_STYLE = Automatic;
				INFOPLIST_FILE = "Surfing DoggoUITests/Info.plist";
				LD_RUNPATH_SEARCH_PATHS = (
					"$(inherited)",
					"@executable_path/Frameworks",
					"@loader_path/Frameworks",
				);
				PRODUCT_BUNDLE_IDENTIFIER = "nagarro.Surfing-DoggoUITests";
				PRODUCT_NAME = "$(TARGET_NAME)";
				TARGETED_DEVICE_FAMILY = "1,2";
				TEST_TARGET_NAME = "Surfing Doggo";
			};
			name = Debug;
		};
		1206F93B268B89E700887205 /* Release */ = {
			isa = XCBuildConfiguration;
			buildSettings = {
				CODE_SIGN_STYLE = Automatic;
				INFOPLIST_FILE = "Surfing DoggoUITests/Info.plist";
				LD_RUNPATH_SEARCH_PATHS = (
					"$(inherited)",
					"@executable_path/Frameworks",
					"@loader_path/Frameworks",
				);
				PRODUCT_BUNDLE_IDENTIFIER = "nagarro.Surfing-DoggoUITests";
				PRODUCT_NAME = "$(TARGET_NAME)";
				TARGETED_DEVICE_FAMILY = "1,2";
				TEST_TARGET_NAME = "Surfing Doggo";
			};
			name = Release;
		};
/* End XCBuildConfiguration section */

/* Begin XCConfigurationList section */
		1206F8FC268B89E500887205 /* Build configuration list for PBXProject "Surfing Doggo" */ = {
			isa = XCConfigurationList;
			buildConfigurations = (
				1206F931268B89E700887205 /* Debug */,
				1206F932268B89E700887205 /* Release */,
			);
			defaultConfigurationIsVisible = 0;
			defaultConfigurationName = Release;
		};
		1206F933268B89E700887205 /* Build configuration list for PBXNativeTarget "Surfing Doggo" */ = {
			isa = XCConfigurationList;
			buildConfigurations = (
				1206F934268B89E700887205 /* Debug */,
				1206F935268B89E700887205 /* Release */,
			);
			defaultConfigurationIsVisible = 0;
			defaultConfigurationName = Release;
		};
		1206F936268B89E700887205 /* Build configuration list for PBXNativeTarget "Surfing DoggoTests" */ = {
			isa = XCConfigurationList;
			buildConfigurations = (
				1206F937268B89E700887205 /* Debug */,
				1206F938268B89E700887205 /* Release */,
			);
			defaultConfigurationIsVisible = 0;
			defaultConfigurationName = Release;
		};
		1206F939268B89E700887205 /* Build configuration list for PBXNativeTarget "Surfing DoggoUITests" */ = {
			isa = XCConfigurationList;
			buildConfigurations = (
				1206F93A268B89E700887205 /* Debug */,
				1206F93B268B89E700887205 /* Release */,
			);
			defaultConfigurationIsVisible = 0;
			defaultConfigurationName = Release;
		};
/* End XCConfigurationList section */

/* Begin XCVersionGroup section */
		1206F910268B89E600887205 /* Surfing_Doggo.xcdatamodeld */ = {
			isa = XCVersionGroup;
			children = (
				1206F911268B89E600887205 /* Surfing_Doggo.xcdatamodel */,
			);
			currentVersion = 1206F911268B89E600887205 /* Surfing_Doggo.xcdatamodel */;
			path = Surfing_Doggo.xcdatamodeld;
			sourceTree = "<group>";
			versionGroupType = wrapper.xcdatamodel;
		};
/* End XCVersionGroup section */
	};
	rootObject = 1206F8F9268B89E500887205 /* Project object */;
}
